
Microsoft Visual Studio Solution File, Format Version 12.00
# Visual Studio 2013
VisualStudioVersion = 12.0.31101.0
MinimumVisualStudioVersion = 10.0.40219.1
Project("{8BC9CEB8-8B4A-11D0-8D11-00A0C91BC942}") = "NurseRostering", "NurseRostering\NurseRostering.vcxproj", "{81DBC9CD-88CA-4531-96D9-E346A177EEB8}"
EndProject
Project("{8BC9CEB8-8B4A-11D0-8D11-00A0C91BC942}") = "INRC2_Simulator", "INRC2_Simulator\INRC2_Simulator.vcxproj", "{D4004FC3-2EF3-43BD-B1A7-DC29DB2BBFFB}"
EndProject
Project("{8BC9CEB8-8B4A-11D0-8D11-00A0C91BC942}") = "Analysis", "Analysis\Analysis.vcxproj", "{AEFA1EAB-6660-4B8D-947F-2A743C693775}"
EndProject
Global
	GlobalSection(SolutionConfigurationPlatforms) = preSolution
		Debug|Win32 = Debug|Win32
		Release|Win32 = Release|Win32
	EndGlobalSection
	GlobalSection(ProjectConfigurationPlatforms) = postSolution
		{81DBC9CD-88CA-4531-96D9-E346A177EEB8}.Debug|Win32.ActiveCfg = Debug|Win32
		{81DBC9CD-88CA-4531-96D9-E346A177EEB8}.Debug|Win32.Build.0 = Debug|Win32
		{81DBC9CD-88CA-4531-96D9-E346A177EEB8}.Release|Win32.ActiveCfg = Release|Win32
		{81DBC9CD-88CA-4531-96D9-E346A177EEB8}.Release|Win32.Build.0 = Release|Win32
		{D4004FC3-2EF3-43BD-B1A7-DC29DB2BBFFB}.Debug|Win32.ActiveCfg = Debug|Win32
		{D4004FC3-2EF3-43BD-B1A7-DC29DB2BBFFB}.Debug|Win32.Build.0 = Debug|Win32
		{D4004FC3-2EF3-43BD-B1A7-DC29DB2BBFFB}.Release|Win32.ActiveCfg = Release|Win32
		{D4004FC3-2EF3-43BD-B1A7-DC29DB2BBFFB}.Release|Win32.Build.0 = Release|Win32
		{AEFA1EAB-6660-4B8D-947F-2A743C693775}.Debug|Win32.ActiveCfg = Debug|Win32
		{AEFA1EAB-6660-4B8D-947F-2A743C693775}.Debug|Win32.Build.0 = Debug|Win32
		{AEFA1EAB-6660-4B8D-947F-2A743C693775}.Release|Win32.ActiveCfg = Release|Win32
		{AEFA1EAB-6660-4B8D-947F-2A743C693775}.Release|Win32.Build.0 = Release|Win32
	EndGlobalSection
	GlobalSection(SolutionProperties) = preSolution
		HideSolutionNode = FALSE
	EndGlobalSection
EndGlobal
