
Microsoft Visual Studio Solution File, Format Version 12.00
# Visual Studio 2013
VisualStudioVersion = 12.0.40629.0
MinimumVisualStudioVersion = 10.0.40219.1
Project("{FAE04EC0-301F-11D3-BF4B-00C04F79EFBC}") = "Solver", "Solver\Solver.csproj", "{3A16F665-ECE2-4E3C-A7EB-2FF694D8AB71}"
EndProject
Project("{2150E333-8FDC-42A3-9474-1A3956D46DE8}") = "Deploy", "Deploy", "{8605BE1B-FA05-4A5F-8321-805710DB62EF}"
	ProjectSection(SolutionItems) = preProject
		Deploy\configure.json = Deploy\configure.json
		Deploy\environment.json = Deploy\environment.json
		Deploy\example_configure.json = Deploy\example_configure.json
		Deploy\example_environment.json = Deploy\example_environment.json
		Deploy\log.csv = Deploy\log.csv
	EndProjectSection
EndProject
Project("{2150E333-8FDC-42A3-9474-1A3956D46DE8}") = "Instance", "Instance", "{3A638F13-864D-4514-82C5-430B18470B63}"
EndProject
Project("{2150E333-8FDC-42A3-9474-1A3956D46DE8}") = "n005w4", "n005w4", "{169C86FB-27FE-44FA-B6CB-96FF47F85542}"
	ProjectSection(SolutionItems) = preProject
		Deploy\Instance\n005w4\H0-n005w4-0.json = Deploy\Instance\n005w4\H0-n005w4-0.json
		Deploy\Instance\n005w4\H0-n005w4-1.json = Deploy\Instance\n005w4\H0-n005w4-1.json
		Deploy\Instance\n005w4\H0-n005w4-2.json = Deploy\Instance\n005w4\H0-n005w4-2.json
		Deploy\Instance\n005w4\Sc-n005w4.json = Deploy\Instance\n005w4\Sc-n005w4.json
		Deploy\Instance\n005w4\WD-n005w4-0.json = Deploy\Instance\n005w4\WD-n005w4-0.json
		Deploy\Instance\n005w4\WD-n005w4-1.json = Deploy\Instance\n005w4\WD-n005w4-1.json
		Deploy\Instance\n005w4\WD-n005w4-2.json = Deploy\Instance\n005w4\WD-n005w4-2.json
		Deploy\Instance\n005w4\WD-n005w4-3.json = Deploy\Instance\n005w4\WD-n005w4-3.json
		Deploy\Instance\n005w4\WD-n005w4-4.json = Deploy\Instance\n005w4\WD-n005w4-4.json
		Deploy\Instance\n005w4\WD-n005w4-5.json = Deploy\Instance\n005w4\WD-n005w4-5.json
		Deploy\Instance\n005w4\WD-n005w4-6.json = Deploy\Instance\n005w4\WD-n005w4-6.json
		Deploy\Instance\n005w4\WD-n005w4-7.json = Deploy\Instance\n005w4\WD-n005w4-7.json
		Deploy\Instance\n005w4\WD-n005w4-8.json = Deploy\Instance\n005w4\WD-n005w4-8.json
		Deploy\Instance\n005w4\WD-n005w4-9.json = Deploy\Instance\n005w4\WD-n005w4-9.json
	EndProjectSection
EndProject
Project("{2150E333-8FDC-42A3-9474-1A3956D46DE8}") = "n012w8", "n012w8", "{246CE36A-64F4-448A-BEBB-98B544C023ED}"
	ProjectSection(SolutionItems) = preProject
		Deploy\Instance\n012w8\H0-n012w8-0.json = Deploy\Instance\n012w8\H0-n012w8-0.json
		Deploy\Instance\n012w8\H0-n012w8-1.json = Deploy\Instance\n012w8\H0-n012w8-1.json
		Deploy\Instance\n012w8\H0-n012w8-2.json = Deploy\Instance\n012w8\H0-n012w8-2.json
		Deploy\Instance\n012w8\Sc-n012w8.json = Deploy\Instance\n012w8\Sc-n012w8.json
		Deploy\Instance\n012w8\WD-n012w8-0.json = Deploy\Instance\n012w8\WD-n012w8-0.json
		Deploy\Instance\n012w8\WD-n012w8-1.json = Deploy\Instance\n012w8\WD-n012w8-1.json
		Deploy\Instance\n012w8\WD-n012w8-2.json = Deploy\Instance\n012w8\WD-n012w8-2.json
		Deploy\Instance\n012w8\WD-n012w8-3.json = Deploy\Instance\n012w8\WD-n012w8-3.json
		Deploy\Instance\n012w8\WD-n012w8-4.json = Deploy\Instance\n012w8\WD-n012w8-4.json
		Deploy\Instance\n012w8\WD-n012w8-5.json = Deploy\Instance\n012w8\WD-n012w8-5.json
		Deploy\Instance\n012w8\WD-n012w8-6.json = Deploy\Instance\n012w8\WD-n012w8-6.json
		Deploy\Instance\n012w8\WD-n012w8-7.json = Deploy\Instance\n012w8\WD-n012w8-7.json
		Deploy\Instance\n012w8\WD-n012w8-8.json = Deploy\Instance\n012w8\WD-n012w8-8.json
		Deploy\Instance\n012w8\WD-n012w8-9.json = Deploy\Instance\n012w8\WD-n012w8-9.json
	EndProjectSection
EndProject
Project("{2150E333-8FDC-42A3-9474-1A3956D46DE8}") = "Solution_H_0-WD_3-5-0-2-0-4-5-2", "Solution_H_0-WD_3-5-0-2-0-4-5-2", "{CA7D92E6-271C-408F-8660-F658656BA374}"
	ProjectSection(SolutionItems) = preProject
		Deploy\Instance\n012w8\Solution_H_0-WD_3-5-0-2-0-4-5-2\Sol-n012w8-0-2.json = Deploy\Instance\n012w8\Solution_H_0-WD_3-5-0-2-0-4-5-2\Sol-n012w8-0-2.json
		Deploy\Instance\n012w8\Solution_H_0-WD_3-5-0-2-0-4-5-2\Sol-n012w8-0-4.json = Deploy\Instance\n012w8\Solution_H_0-WD_3-5-0-2-0-4-5-2\Sol-n012w8-0-4.json
		Deploy\Instance\n012w8\Solution_H_0-WD_3-5-0-2-0-4-5-2\Sol-n012w8-2-3.json = Deploy\Instance\n012w8\Solution_H_0-WD_3-5-0-2-0-4-5-2\Sol-n012w8-2-3.json
		Deploy\Instance\n012w8\Solution_H_0-WD_3-5-0-2-0-4-5-2\Sol-n012w8-2-7.json = Deploy\Instance\n012w8\Solution_H_0-WD_3-5-0-2-0-4-5-2\Sol-n012w8-2-7.json
		Deploy\Instance\n012w8\Solution_H_0-WD_3-5-0-2-0-4-5-2\Sol-n012w8-3-0.json = Deploy\Instance\n012w8\Solution_H_0-WD_3-5-0-2-0-4-5-2\Sol-n012w8-3-0.json
		Deploy\Instance\n012w8\Solution_H_0-WD_3-5-0-2-0-4-5-2\Sol-n012w8-4-5.json = Deploy\Instance\n012w8\Solution_H_0-WD_3-5-0-2-0-4-5-2\Sol-n012w8-4-5.json
		Deploy\Instance\n012w8\Solution_H_0-WD_3-5-0-2-0-4-5-2\Sol-n012w8-5-1.json = Deploy\Instance\n012w8\Solution_H_0-WD_3-5-0-2-0-4-5-2\Sol-n012w8-5-1.json
		Deploy\Instance\n012w8\Solution_H_0-WD_3-5-0-2-0-4-5-2\Sol-n012w8-5-6.json = Deploy\Instance\n012w8\Solution_H_0-WD_3-5-0-2-0-4-5-2\Sol-n012w8-5-6.json
	EndProjectSection
EndProject
Project("{2150E333-8FDC-42A3-9474-1A3956D46DE8}") = "Solution_H_1-WD_7-7-0-8-9-3-2-6", "Solution_H_1-WD_7-7-0-8-9-3-2-6", "{22B16D12-2DED-4818-86E3-DB427CA43B0B}"
	ProjectSection(SolutionItems) = preProject
		Deploy\Instance\n012w8\Solution_H_1-WD_7-7-0-8-9-3-2-6\Sol-n012w8-0-2.json = Deploy\Instance\n012w8\Solution_H_1-WD_7-7-0-8-9-3-2-6\Sol-n012w8-0-2.json
		Deploy\Instance\n012w8\Solution_H_1-WD_7-7-0-8-9-3-2-6\Sol-n012w8-2-6.json = Deploy\Instance\n012w8\Solution_H_1-WD_7-7-0-8-9-3-2-6\Sol-n012w8-2-6.json
		Deploy\Instance\n012w8\Solution_H_1-WD_7-7-0-8-9-3-2-6\Sol-n012w8-3-5.json = Deploy\Instance\n012w8\Solution_H_1-WD_7-7-0-8-9-3-2-6\Sol-n012w8-3-5.json
		Deploy\Instance\n012w8\Solution_H_1-WD_7-7-0-8-9-3-2-6\Sol-n012w8-6-7.json = Deploy\Instance\n012w8\Solution_H_1-WD_7-7-0-8-9-3-2-6\Sol-n012w8-6-7.json
		Deploy\Instance\n012w8\Solution_H_1-WD_7-7-0-8-9-3-2-6\Sol-n012w8-7-0.json = Deploy\Instance\n012w8\Solution_H_1-WD_7-7-0-8-9-3-2-6\Sol-n012w8-7-0.json
		Deploy\Instance\n012w8\Solution_H_1-WD_7-7-0-8-9-3-2-6\Sol-n012w8-7-1.json = Deploy\Instance\n012w8\Solution_H_1-WD_7-7-0-8-9-3-2-6\Sol-n012w8-7-1.json
		Deploy\Instance\n012w8\Solution_H_1-WD_7-7-0-8-9-3-2-6\Sol-n012w8-8-3.json = Deploy\Instance\n012w8\Solution_H_1-WD_7-7-0-8-9-3-2-6\Sol-n012w8-8-3.json
		Deploy\Instance\n012w8\Solution_H_1-WD_7-7-0-8-9-3-2-6\Sol-n012w8-9-4.json = Deploy\Instance\n012w8\Solution_H_1-WD_7-7-0-8-9-3-2-6\Sol-n012w8-9-4.json
	EndProjectSection
EndProject
Project("{2150E333-8FDC-42A3-9474-1A3956D46DE8}") = "Solution_H_2-WD_4-5-6-7-2-1-2-1", "Solution_H_2-WD_4-5-6-7-2-1-2-1", "{9B83E6DD-2263-46A9-9497-1521DC97C72D}"
	ProjectSection(SolutionItems) = preProject
		Deploy\Instance\n012w8\Solution_H_2-WD_4-5-6-7-2-1-2-1\Sol-n012w8-1-5.json = Deploy\Instance\n012w8\Solution_H_2-WD_4-5-6-7-2-1-2-1\Sol-n012w8-1-5.json
		Deploy\Instance\n012w8\Solution_H_2-WD_4-5-6-7-2-1-2-1\Sol-n012w8-1-7.json = Deploy\Instance\n012w8\Solution_H_2-WD_4-5-6-7-2-1-2-1\Sol-n012w8-1-7.json
		Deploy\Instance\n012w8\Solution_H_2-WD_4-5-6-7-2-1-2-1\Sol-n012w8-2-4.json = Deploy\Instance\n012w8\Solution_H_2-WD_4-5-6-7-2-1-2-1\Sol-n012w8-2-4.json
		Deploy\Instance\n012w8\Solution_H_2-WD_4-5-6-7-2-1-2-1\Sol-n012w8-2-6.json = Deploy\Instance\n012w8\Solution_H_2-WD_4-5-6-7-2-1-2-1\Sol-n012w8-2-6.json
		Deploy\Instance\n012w8\Solution_H_2-WD_4-5-6-7-2-1-2-1\Sol-n012w8-4-0.json = Deploy\Instance\n012w8\Solution_H_2-WD_4-5-6-7-2-1-2-1\Sol-n012w8-4-0.json
		Deploy\Instance\n012w8\Solution_H_2-WD_4-5-6-7-2-1-2-1\Sol-n012w8-5-1.json = Deploy\Instance\n012w8\Solution_H_2-WD_4-5-6-7-2-1-2-1\Sol-n012w8-5-1.json
		Deploy\Instance\n012w8\Solution_H_2-WD_4-5-6-7-2-1-2-1\Sol-n012w8-6-2.json = Deploy\Instance\n012w8\Solution_H_2-WD_4-5-6-7-2-1-2-1\Sol-n012w8-6-2.json
		Deploy\Instance\n012w8\Solution_H_2-WD_4-5-6-7-2-1-2-1\Sol-n012w8-7-3.json = Deploy\Instance\n012w8\Solution_H_2-WD_4-5-6-7-2-1-2-1\Sol-n012w8-7-3.json
	EndProjectSection
EndProject
Project("{2150E333-8FDC-42A3-9474-1A3956D46DE8}") = "Solution_H_0-WD_1-2-3-3", "Solution_H_0-WD_1-2-3-3", "{4C071362-A8BB-402C-A181-BCB104E11CD5}"
	ProjectSection(SolutionItems) = preProject
		Deploy\Instance\n005w4\Solution_H_0-WD_1-2-3-3\Sol-n005w4-1-0.json = Deploy\Instance\n005w4\Solution_H_0-WD_1-2-3-3\Sol-n005w4-1-0.json
		Deploy\Instance\n005w4\Solution_H_0-WD_1-2-3-3\Sol-n005w4-2-1.json = Deploy\Instance\n005w4\Solution_H_0-WD_1-2-3-3\Sol-n005w4-2-1.json
		Deploy\Instance\n005w4\Solution_H_0-WD_1-2-3-3\Sol-n005w4-3-2.json = Deploy\Instance\n005w4\Solution_H_0-WD_1-2-3-3\Sol-n005w4-3-2.json
		Deploy\Instance\n005w4\Solution_H_0-WD_1-2-3-3\Sol-n005w4-3-3.json = Deploy\Instance\n005w4\Solution_H_0-WD_1-2-3-3\Sol-n005w4-3-3.json
	EndProjectSection
EndProject
Project("{2150E333-8FDC-42A3-9474-1A3956D46DE8}") = "Solution_H_1-WD_5-3-1-0", "Solution_H_1-WD_5-3-1-0", "{E732EFD4-5EAA-411B-9856-47DBACA0FC83}"
	ProjectSection(SolutionItems) = preProject
		Deploy\Instance\n005w4\Solution_H_1-WD_5-3-1-0\Sol-n005w4-0-3.json = Deploy\Instance\n005w4\Solution_H_1-WD_5-3-1-0\Sol-n005w4-0-3.json
		Deploy\Instance\n005w4\Solution_H_1-WD_5-3-1-0\Sol-n005w4-1-2.json = Deploy\Instance\n005w4\Solution_H_1-WD_5-3-1-0\Sol-n005w4-1-2.json
		Deploy\Instance\n005w4\Solution_H_1-WD_5-3-1-0\Sol-n005w4-3-1.json = Deploy\Instance\n005w4\Solution_H_1-WD_5-3-1-0\Sol-n005w4-3-1.json
		Deploy\Instance\n005w4\Solution_H_1-WD_5-3-1-0\Sol-n005w4-5-0.json = Deploy\Instance\n005w4\Solution_H_1-WD_5-3-1-0\Sol-n005w4-5-0.json
	EndProjectSection
EndProject
Project("{2150E333-8FDC-42A3-9474-1A3956D46DE8}") = "Solution_H_2-WD_6-7-8-9", "Solution_H_2-WD_6-7-8-9", "{47C18CAD-3B36-4279-8FF5-D5EE8C1F5598}"
	ProjectSection(SolutionItems) = preProject
		Deploy\Instance\n005w4\Solution_H_2-WD_6-7-8-9\Sol-n005w4-6-0.json = Deploy\Instance\n005w4\Solution_H_2-WD_6-7-8-9\Sol-n005w4-6-0.json
		Deploy\Instance\n005w4\Solution_H_2-WD_6-7-8-9\Sol-n005w4-7-1.json = Deploy\Instance\n005w4\Solution_H_2-WD_6-7-8-9\Sol-n005w4-7-1.json
		Deploy\Instance\n005w4\Solution_H_2-WD_6-7-8-9\Sol-n005w4-8-2.json = Deploy\Instance\n005w4\Solution_H_2-WD_6-7-8-9\Sol-n005w4-8-2.json
		Deploy\Instance\n005w4\Solution_H_2-WD_6-7-8-9\Sol-n005w4-9-3.json = Deploy\Instance\n005w4\Solution_H_2-WD_6-7-8-9\Sol-n005w4-9-3.json
	EndProjectSection
EndProject
Project("{2150E333-8FDC-42A3-9474-1A3956D46DE8}") = "n021w4", "n021w4", "{40CDD6C2-5DB8-4962-A192-DD456CE02915}"
	ProjectSection(SolutionItems) = preProject
		Deploy\Instance\n021w4\H0-n021w4-0.json = Deploy\Instance\n021w4\H0-n021w4-0.json
		Deploy\Instance\n021w4\H0-n021w4-1.json = Deploy\Instance\n021w4\H0-n021w4-1.json
		Deploy\Instance\n021w4\H0-n021w4-2.json = Deploy\Instance\n021w4\H0-n021w4-2.json
		Deploy\Instance\n021w4\Sc-n021w4.json = Deploy\Instance\n021w4\Sc-n021w4.json
		Deploy\Instance\n021w4\WD-n021w4-0.json = Deploy\Instance\n021w4\WD-n021w4-0.json
		Deploy\Instance\n021w4\WD-n021w4-1.json = Deploy\Instance\n021w4\WD-n021w4-1.json
		Deploy\Instance\n021w4\WD-n021w4-2.json = Deploy\Instance\n021w4\WD-n021w4-2.json
		Deploy\Instance\n021w4\WD-n021w4-3.json = Deploy\Instance\n021w4\WD-n021w4-3.json
		Deploy\Instance\n021w4\WD-n021w4-4.json = Deploy\Instance\n021w4\WD-n021w4-4.json
		Deploy\Instance\n021w4\WD-n021w4-5.json = Deploy\Instance\n021w4\WD-n021w4-5.json
		Deploy\Instance\n021w4\WD-n021w4-6.json = Deploy\Instance\n021w4\WD-n021w4-6.json
		Deploy\Instance\n021w4\WD-n021w4-7.json = Deploy\Instance\n021w4\WD-n021w4-7.json
		Deploy\Instance\n021w4\WD-n021w4-8.json = Deploy\Instance\n021w4\WD-n021w4-8.json
		Deploy\Instance\n021w4\WD-n021w4-9.json = Deploy\Instance\n021w4\WD-n021w4-9.json
	EndProjectSection
EndProject
Project("{2150E333-8FDC-42A3-9474-1A3956D46DE8}") = "Solution_H_0-WD_5-4-1-2", "Solution_H_0-WD_5-4-1-2", "{449D6056-9DB3-43D8-84F4-549883945F73}"
	ProjectSection(SolutionItems) = preProject
		Deploy\Instance\n021w4\Solution_H_2-WD_8-1-4-3\Sol-n021w4-1-1.json = Deploy\Instance\n021w4\Solution_H_2-WD_8-1-4-3\Sol-n021w4-1-1.json
		Deploy\Instance\n021w4\Solution_H_2-WD_8-1-4-3\Sol-n021w4-3-3.json = Deploy\Instance\n021w4\Solution_H_2-WD_8-1-4-3\Sol-n021w4-3-3.json
		Deploy\Instance\n021w4\Solution_H_2-WD_8-1-4-3\Sol-n021w4-4-2.json = Deploy\Instance\n021w4\Solution_H_2-WD_8-1-4-3\Sol-n021w4-4-2.json
		Deploy\Instance\n021w4\Solution_H_2-WD_8-1-4-3\Sol-n021w4-8-0.json = Deploy\Instance\n021w4\Solution_H_2-WD_8-1-4-3\Sol-n021w4-8-0.json
	EndProjectSection
EndProject
Project("{2150E333-8FDC-42A3-9474-1A3956D46DE8}") = "Solution_H_1-WD_0-6-1-6", "Solution_H_1-WD_0-6-1-6", "{FFDA0B30-66BC-41E4-9815-830387DD4099}"
	ProjectSection(SolutionItems) = preProject
		Deploy\Instance\n021w4\Solution_H_1-WD_0-6-1-6\Sol-n021w4-0-0.json = Deploy\Instance\n021w4\Solution_H_1-WD_0-6-1-6\Sol-n021w4-0-0.json
		Deploy\Instance\n021w4\Solution_H_1-WD_0-6-1-6\Sol-n021w4-1-2.json = Deploy\Instance\n021w4\Solution_H_1-WD_0-6-1-6\Sol-n021w4-1-2.json
		Deploy\Instance\n021w4\Solution_H_1-WD_0-6-1-6\Sol-n021w4-6-1.json = Deploy\Instance\n021w4\Solution_H_1-WD_0-6-1-6\Sol-n021w4-6-1.json
		Deploy\Instance\n021w4\Solution_H_1-WD_0-6-1-6\Sol-n021w4-6-3.json = Deploy\Instance\n021w4\Solution_H_1-WD_0-6-1-6\Sol-n021w4-6-3.json
	EndProjectSection
EndProject
Project("{2150E333-8FDC-42A3-9474-1A3956D46DE8}") = "Solution_H_2-WD_8-1-4-3", "Solution_H_2-WD_8-1-4-3", "{714A7B13-48D6-4762-93DE-3C4B167F4690}"
	ProjectSection(SolutionItems) = preProject
		Deploy\Instance\n021w4\Solution_H_0-WD_5-4-1-2\Sol-n021w4-1-2.json = Deploy\Instance\n021w4\Solution_H_0-WD_5-4-1-2\Sol-n021w4-1-2.json
		Deploy\Instance\n021w4\Solution_H_0-WD_5-4-1-2\Sol-n021w4-2-3.json = Deploy\Instance\n021w4\Solution_H_0-WD_5-4-1-2\Sol-n021w4-2-3.json
		Deploy\Instance\n021w4\Solution_H_0-WD_5-4-1-2\Sol-n021w4-4-1.json = Deploy\Instance\n021w4\Solution_H_0-WD_5-4-1-2\Sol-n021w4-4-1.json
		Deploy\Instance\n021w4\Solution_H_0-WD_5-4-1-2\Sol-n021w4-5-0.json = Deploy\Instance\n021w4\Solution_H_0-WD_5-4-1-2\Sol-n021w4-5-0.json
	EndProjectSection
EndProject
Project("{2150E333-8FDC-42A3-9474-1A3956D46DE8}") = "n030w4", "n030w4", "{188CF7EE-F40E-4AA8-86AD-1F06D2AA91E7}"
	ProjectSection(SolutionItems) = preProject
		Deploy\Instance\n030w4\H0-n030w4-0.json = Deploy\Instance\n030w4\H0-n030w4-0.json
		Deploy\Instance\n030w4\H0-n030w4-1.json = Deploy\Instance\n030w4\H0-n030w4-1.json
		Deploy\Instance\n030w4\H0-n030w4-2.json = Deploy\Instance\n030w4\H0-n030w4-2.json
		Deploy\Instance\n030w4\Sc-n030w4.json = Deploy\Instance\n030w4\Sc-n030w4.json
		Deploy\Instance\n030w4\WD-n030w4-0.json = Deploy\Instance\n030w4\WD-n030w4-0.json
		Deploy\Instance\n030w4\WD-n030w4-1.json = Deploy\Instance\n030w4\WD-n030w4-1.json
		Deploy\Instance\n030w4\WD-n030w4-2.json = Deploy\Instance\n030w4\WD-n030w4-2.json
		Deploy\Instance\n030w4\WD-n030w4-3.json = Deploy\Instance\n030w4\WD-n030w4-3.json
		Deploy\Instance\n030w4\WD-n030w4-4.json = Deploy\Instance\n030w4\WD-n030w4-4.json
		Deploy\Instance\n030w4\WD-n030w4-5.json = Deploy\Instance\n030w4\WD-n030w4-5.json
		Deploy\Instance\n030w4\WD-n030w4-6.json = Deploy\Instance\n030w4\WD-n030w4-6.json
		Deploy\Instance\n030w4\WD-n030w4-7.json = Deploy\Instance\n030w4\WD-n030w4-7.json
		Deploy\Instance\n030w4\WD-n030w4-8.json = Deploy\Instance\n030w4\WD-n030w4-8.json
		Deploy\Instance\n030w4\WD-n030w4-9.json = Deploy\Instance\n030w4\WD-n030w4-9.json
	EndProjectSection
EndProject
Project("{2150E333-8FDC-42A3-9474-1A3956D46DE8}") = "n030w8", "n030w8", "{39B00B66-819C-44D7-AAE4-FD806AFD8404}"
	ProjectSection(SolutionItems) = preProject
		Deploy\Instance\n030w8\H0-n030w8-0.json = Deploy\Instance\n030w8\H0-n030w8-0.json
		Deploy\Instance\n030w8\H0-n030w8-1.json = Deploy\Instance\n030w8\H0-n030w8-1.json
		Deploy\Instance\n030w8\H0-n030w8-2.json = Deploy\Instance\n030w8\H0-n030w8-2.json
		Deploy\Instance\n030w8\Sc-n030w8.json = Deploy\Instance\n030w8\Sc-n030w8.json
		Deploy\Instance\n030w8\WD-n030w8-0.json = Deploy\Instance\n030w8\WD-n030w8-0.json
		Deploy\Instance\n030w8\WD-n030w8-1.json = Deploy\Instance\n030w8\WD-n030w8-1.json
		Deploy\Instance\n030w8\WD-n030w8-2.json = Deploy\Instance\n030w8\WD-n030w8-2.json
		Deploy\Instance\n030w8\WD-n030w8-3.json = Deploy\Instance\n030w8\WD-n030w8-3.json
		Deploy\Instance\n030w8\WD-n030w8-4.json = Deploy\Instance\n030w8\WD-n030w8-4.json
		Deploy\Instance\n030w8\WD-n030w8-5.json = Deploy\Instance\n030w8\WD-n030w8-5.json
		Deploy\Instance\n030w8\WD-n030w8-6.json = Deploy\Instance\n030w8\WD-n030w8-6.json
		Deploy\Instance\n030w8\WD-n030w8-7.json = Deploy\Instance\n030w8\WD-n030w8-7.json
		Deploy\Instance\n030w8\WD-n030w8-8.json = Deploy\Instance\n030w8\WD-n030w8-8.json
		Deploy\Instance\n030w8\WD-n030w8-9.json = Deploy\Instance\n030w8\WD-n030w8-9.json
	EndProjectSection
EndProject
Project("{2150E333-8FDC-42A3-9474-1A3956D46DE8}") = "n040w4", "n040w4", "{85392D8A-943D-46C2-9334-A59DE8AC64B2}"
	ProjectSection(SolutionItems) = preProject
		Deploy\Instance\n040w4\H0-n040w4-0.json = Deploy\Instance\n040w4\H0-n040w4-0.json
		Deploy\Instance\n040w4\H0-n040w4-1.json = Deploy\Instance\n040w4\H0-n040w4-1.json
		Deploy\Instance\n040w4\H0-n040w4-2.json = Deploy\Instance\n040w4\H0-n040w4-2.json
		Deploy\Instance\n040w4\Sc-n040w4.json = Deploy\Instance\n040w4\Sc-n040w4.json
		Deploy\Instance\n040w4\WD-n040w4-0.json = Deploy\Instance\n040w4\WD-n040w4-0.json
		Deploy\Instance\n040w4\WD-n040w4-1.json = Deploy\Instance\n040w4\WD-n040w4-1.json
		Deploy\Instance\n040w4\WD-n040w4-2.json = Deploy\Instance\n040w4\WD-n040w4-2.json
		Deploy\Instance\n040w4\WD-n040w4-3.json = Deploy\Instance\n040w4\WD-n040w4-3.json
		Deploy\Instance\n040w4\WD-n040w4-4.json = Deploy\Instance\n040w4\WD-n040w4-4.json
		Deploy\Instance\n040w4\WD-n040w4-5.json = Deploy\Instance\n040w4\WD-n040w4-5.json
		Deploy\Instance\n040w4\WD-n040w4-6.json = Deploy\Instance\n040w4\WD-n040w4-6.json
		Deploy\Instance\n040w4\WD-n040w4-7.json = Deploy\Instance\n040w4\WD-n040w4-7.json
		Deploy\Instance\n040w4\WD-n040w4-8.json = Deploy\Instance\n040w4\WD-n040w4-8.json
		Deploy\Instance\n040w4\WD-n040w4-9.json = Deploy\Instance\n040w4\WD-n040w4-9.json
	EndProjectSection
EndProject
Project("{2150E333-8FDC-42A3-9474-1A3956D46DE8}") = "n040w8", "n040w8", "{7295D19B-A851-4FAA-A7E1-FFA421877CEE}"
	ProjectSection(SolutionItems) = preProject
		Deploy\Instance\n040w8\H0-n040w8-0.json = Deploy\Instance\n040w8\H0-n040w8-0.json
		Deploy\Instance\n040w8\H0-n040w8-1.json = Deploy\Instance\n040w8\H0-n040w8-1.json
		Deploy\Instance\n040w8\H0-n040w8-2.json = Deploy\Instance\n040w8\H0-n040w8-2.json
		Deploy\Instance\n040w8\Sc-n040w8.json = Deploy\Instance\n040w8\Sc-n040w8.json
		Deploy\Instance\n040w8\WD-n040w8-0.json = Deploy\Instance\n040w8\WD-n040w8-0.json
		Deploy\Instance\n040w8\WD-n040w8-1.json = Deploy\Instance\n040w8\WD-n040w8-1.json
		Deploy\Instance\n040w8\WD-n040w8-2.json = Deploy\Instance\n040w8\WD-n040w8-2.json
		Deploy\Instance\n040w8\WD-n040w8-3.json = Deploy\Instance\n040w8\WD-n040w8-3.json
		Deploy\Instance\n040w8\WD-n040w8-4.json = Deploy\Instance\n040w8\WD-n040w8-4.json
		Deploy\Instance\n040w8\WD-n040w8-5.json = Deploy\Instance\n040w8\WD-n040w8-5.json
		Deploy\Instance\n040w8\WD-n040w8-6.json = Deploy\Instance\n040w8\WD-n040w8-6.json
		Deploy\Instance\n040w8\WD-n040w8-7.json = Deploy\Instance\n040w8\WD-n040w8-7.json
		Deploy\Instance\n040w8\WD-n040w8-8.json = Deploy\Instance\n040w8\WD-n040w8-8.json
		Deploy\Instance\n040w8\WD-n040w8-9.json = Deploy\Instance\n040w8\WD-n040w8-9.json
	EndProjectSection
EndProject
Project("{2150E333-8FDC-42A3-9474-1A3956D46DE8}") = "n050w4", "n050w4", "{C3590521-30E5-42CC-8A93-B3BC5E70A278}"
	ProjectSection(SolutionItems) = preProject
		Deploy\Instance\n050w4\H0-n050w4-0.json = Deploy\Instance\n050w4\H0-n050w4-0.json
		Deploy\Instance\n050w4\H0-n050w4-1.json = Deploy\Instance\n050w4\H0-n050w4-1.json
		Deploy\Instance\n050w4\H0-n050w4-2.json = Deploy\Instance\n050w4\H0-n050w4-2.json
		Deploy\Instance\n050w4\Sc-n050w4.json = Deploy\Instance\n050w4\Sc-n050w4.json
		Deploy\Instance\n050w4\WD-n050w4-0.json = Deploy\Instance\n050w4\WD-n050w4-0.json
		Deploy\Instance\n050w4\WD-n050w4-1.json = Deploy\Instance\n050w4\WD-n050w4-1.json
		Deploy\Instance\n050w4\WD-n050w4-2.json = Deploy\Instance\n050w4\WD-n050w4-2.json
		Deploy\Instance\n050w4\WD-n050w4-3.json = Deploy\Instance\n050w4\WD-n050w4-3.json
		Deploy\Instance\n050w4\WD-n050w4-4.json = Deploy\Instance\n050w4\WD-n050w4-4.json
		Deploy\Instance\n050w4\WD-n050w4-5.json = Deploy\Instance\n050w4\WD-n050w4-5.json
		Deploy\Instance\n050w4\WD-n050w4-6.json = Deploy\Instance\n050w4\WD-n050w4-6.json
		Deploy\Instance\n050w4\WD-n050w4-7.json = Deploy\Instance\n050w4\WD-n050w4-7.json
		Deploy\Instance\n050w4\WD-n050w4-8.json = Deploy\Instance\n050w4\WD-n050w4-8.json
		Deploy\Instance\n050w4\WD-n050w4-9.json = Deploy\Instance\n050w4\WD-n050w4-9.json
	EndProjectSection
EndProject
Project("{2150E333-8FDC-42A3-9474-1A3956D46DE8}") = "n050w8", "n050w8", "{445CEB72-441C-4266-B5CF-47DF3242F817}"
	ProjectSection(SolutionItems) = preProject
		Deploy\Instance\n050w8\H0-n050w8-0.json = Deploy\Instance\n050w8\H0-n050w8-0.json
		Deploy\Instance\n050w8\H0-n050w8-1.json = Deploy\Instance\n050w8\H0-n050w8-1.json
		Deploy\Instance\n050w8\H0-n050w8-2.json = Deploy\Instance\n050w8\H0-n050w8-2.json
		Deploy\Instance\n050w8\Sc-n050w8.json = Deploy\Instance\n050w8\Sc-n050w8.json
		Deploy\Instance\n050w8\WD-n050w8-0.json = Deploy\Instance\n050w8\WD-n050w8-0.json
		Deploy\Instance\n050w8\WD-n050w8-1.json = Deploy\Instance\n050w8\WD-n050w8-1.json
		Deploy\Instance\n050w8\WD-n050w8-2.json = Deploy\Instance\n050w8\WD-n050w8-2.json
		Deploy\Instance\n050w8\WD-n050w8-3.json = Deploy\Instance\n050w8\WD-n050w8-3.json
		Deploy\Instance\n050w8\WD-n050w8-4.json = Deploy\Instance\n050w8\WD-n050w8-4.json
		Deploy\Instance\n050w8\WD-n050w8-5.json = Deploy\Instance\n050w8\WD-n050w8-5.json
		Deploy\Instance\n050w8\WD-n050w8-6.json = Deploy\Instance\n050w8\WD-n050w8-6.json
		Deploy\Instance\n050w8\WD-n050w8-7.json = Deploy\Instance\n050w8\WD-n050w8-7.json
		Deploy\Instance\n050w8\WD-n050w8-8.json = Deploy\Instance\n050w8\WD-n050w8-8.json
		Deploy\Instance\n050w8\WD-n050w8-9.json = Deploy\Instance\n050w8\WD-n050w8-9.json
	EndProjectSection
EndProject
Project("{2150E333-8FDC-42A3-9474-1A3956D46DE8}") = "n060w4", "n060w4", "{E4C96E2C-BEE9-4FA8-8D7A-C5274245F112}"
	ProjectSection(SolutionItems) = preProject
		Deploy\Instance\n060w4\H0-n060w4-0.json = Deploy\Instance\n060w4\H0-n060w4-0.json
		Deploy\Instance\n060w4\H0-n060w4-1.json = Deploy\Instance\n060w4\H0-n060w4-1.json
		Deploy\Instance\n060w4\H0-n060w4-2.json = Deploy\Instance\n060w4\H0-n060w4-2.json
		Deploy\Instance\n060w4\Sc-n060w4.json = Deploy\Instance\n060w4\Sc-n060w4.json
		Deploy\Instance\n060w4\WD-n060w4-0.json = Deploy\Instance\n060w4\WD-n060w4-0.json
		Deploy\Instance\n060w4\WD-n060w4-1.json = Deploy\Instance\n060w4\WD-n060w4-1.json
		Deploy\Instance\n060w4\WD-n060w4-2.json = Deploy\Instance\n060w4\WD-n060w4-2.json
		Deploy\Instance\n060w4\WD-n060w4-3.json = Deploy\Instance\n060w4\WD-n060w4-3.json
		Deploy\Instance\n060w4\WD-n060w4-4.json = Deploy\Instance\n060w4\WD-n060w4-4.json
		Deploy\Instance\n060w4\WD-n060w4-5.json = Deploy\Instance\n060w4\WD-n060w4-5.json
		Deploy\Instance\n060w4\WD-n060w4-6.json = Deploy\Instance\n060w4\WD-n060w4-6.json
		Deploy\Instance\n060w4\WD-n060w4-7.json = Deploy\Instance\n060w4\WD-n060w4-7.json
		Deploy\Instance\n060w4\WD-n060w4-8.json = Deploy\Instance\n060w4\WD-n060w4-8.json
		Deploy\Instance\n060w4\WD-n060w4-9.json = Deploy\Instance\n060w4\WD-n060w4-9.json
	EndProjectSection
EndProject
Project("{2150E333-8FDC-42A3-9474-1A3956D46DE8}") = "n060w8", "n060w8", "{D898464F-75CE-4717-A32E-C35111D8BE55}"
	ProjectSection(SolutionItems) = preProject
		Deploy\Instance\n060w8\H0-n060w8-0.json = Deploy\Instance\n060w8\H0-n060w8-0.json
		Deploy\Instance\n060w8\H0-n060w8-1.json = Deploy\Instance\n060w8\H0-n060w8-1.json
		Deploy\Instance\n060w8\H0-n060w8-2.json = Deploy\Instance\n060w8\H0-n060w8-2.json
		Deploy\Instance\n060w8\Sc-n060w8.json = Deploy\Instance\n060w8\Sc-n060w8.json
		Deploy\Instance\n060w8\WD-n060w8-0.json = Deploy\Instance\n060w8\WD-n060w8-0.json
		Deploy\Instance\n060w8\WD-n060w8-1.json = Deploy\Instance\n060w8\WD-n060w8-1.json
		Deploy\Instance\n060w8\WD-n060w8-2.json = Deploy\Instance\n060w8\WD-n060w8-2.json
		Deploy\Instance\n060w8\WD-n060w8-3.json = Deploy\Instance\n060w8\WD-n060w8-3.json
		Deploy\Instance\n060w8\WD-n060w8-4.json = Deploy\Instance\n060w8\WD-n060w8-4.json
		Deploy\Instance\n060w8\WD-n060w8-5.json = Deploy\Instance\n060w8\WD-n060w8-5.json
		Deploy\Instance\n060w8\WD-n060w8-6.json = Deploy\Instance\n060w8\WD-n060w8-6.json
		Deploy\Instance\n060w8\WD-n060w8-7.json = Deploy\Instance\n060w8\WD-n060w8-7.json
		Deploy\Instance\n060w8\WD-n060w8-8.json = Deploy\Instance\n060w8\WD-n060w8-8.json
		Deploy\Instance\n060w8\WD-n060w8-9.json = Deploy\Instance\n060w8\WD-n060w8-9.json
	EndProjectSection
EndProject
Project("{2150E333-8FDC-42A3-9474-1A3956D46DE8}") = "n080w4", "n080w4", "{0B94AEFD-66B7-4263-91BF-444C8391AA5E}"
	ProjectSection(SolutionItems) = preProject
		Deploy\Instance\n080w4\H0-n080w4-0.json = Deploy\Instance\n080w4\H0-n080w4-0.json
		Deploy\Instance\n080w4\H0-n080w4-1.json = Deploy\Instance\n080w4\H0-n080w4-1.json
		Deploy\Instance\n080w4\H0-n080w4-2.json = Deploy\Instance\n080w4\H0-n080w4-2.json
		Deploy\Instance\n080w4\Sc-n080w4.json = Deploy\Instance\n080w4\Sc-n080w4.json
		Deploy\Instance\n080w4\WD-n080w4-0.json = Deploy\Instance\n080w4\WD-n080w4-0.json
		Deploy\Instance\n080w4\WD-n080w4-1.json = Deploy\Instance\n080w4\WD-n080w4-1.json
		Deploy\Instance\n080w4\WD-n080w4-2.json = Deploy\Instance\n080w4\WD-n080w4-2.json
		Deploy\Instance\n080w4\WD-n080w4-3.json = Deploy\Instance\n080w4\WD-n080w4-3.json
		Deploy\Instance\n080w4\WD-n080w4-4.json = Deploy\Instance\n080w4\WD-n080w4-4.json
		Deploy\Instance\n080w4\WD-n080w4-5.json = Deploy\Instance\n080w4\WD-n080w4-5.json
		Deploy\Instance\n080w4\WD-n080w4-6.json = Deploy\Instance\n080w4\WD-n080w4-6.json
		Deploy\Instance\n080w4\WD-n080w4-7.json = Deploy\Instance\n080w4\WD-n080w4-7.json
		Deploy\Instance\n080w4\WD-n080w4-8.json = Deploy\Instance\n080w4\WD-n080w4-8.json
		Deploy\Instance\n080w4\WD-n080w4-9.json = Deploy\Instance\n080w4\WD-n080w4-9.json
	EndProjectSection
EndProject
Project("{2150E333-8FDC-42A3-9474-1A3956D46DE8}") = "n080w8", "n080w8", "{5D4E81CE-F4C8-4367-8C4F-AAA45E84F1E5}"
	ProjectSection(SolutionItems) = preProject
		Deploy\Instance\n080w8\H0-n080w8-0.json = Deploy\Instance\n080w8\H0-n080w8-0.json
		Deploy\Instance\n080w8\H0-n080w8-1.json = Deploy\Instance\n080w8\H0-n080w8-1.json
		Deploy\Instance\n080w8\H0-n080w8-2.json = Deploy\Instance\n080w8\H0-n080w8-2.json
		Deploy\Instance\n080w8\Sc-n080w8.json = Deploy\Instance\n080w8\Sc-n080w8.json
		Deploy\Instance\n080w8\WD-n080w8-0.json = Deploy\Instance\n080w8\WD-n080w8-0.json
		Deploy\Instance\n080w8\WD-n080w8-1.json = Deploy\Instance\n080w8\WD-n080w8-1.json
		Deploy\Instance\n080w8\WD-n080w8-2.json = Deploy\Instance\n080w8\WD-n080w8-2.json
		Deploy\Instance\n080w8\WD-n080w8-3.json = Deploy\Instance\n080w8\WD-n080w8-3.json
		Deploy\Instance\n080w8\WD-n080w8-4.json = Deploy\Instance\n080w8\WD-n080w8-4.json
		Deploy\Instance\n080w8\WD-n080w8-5.json = Deploy\Instance\n080w8\WD-n080w8-5.json
		Deploy\Instance\n080w8\WD-n080w8-6.json = Deploy\Instance\n080w8\WD-n080w8-6.json
		Deploy\Instance\n080w8\WD-n080w8-7.json = Deploy\Instance\n080w8\WD-n080w8-7.json
		Deploy\Instance\n080w8\WD-n080w8-8.json = Deploy\Instance\n080w8\WD-n080w8-8.json
		Deploy\Instance\n080w8\WD-n080w8-9.json = Deploy\Instance\n080w8\WD-n080w8-9.json
	EndProjectSection
EndProject
Project("{2150E333-8FDC-42A3-9474-1A3956D46DE8}") = "n100w4", "n100w4", "{BE9614AF-BDCB-401C-909D-DE9D884EC22C}"
	ProjectSection(SolutionItems) = preProject
		Deploy\Instance\n100w4\H0-n100w4-0.json = Deploy\Instance\n100w4\H0-n100w4-0.json
		Deploy\Instance\n100w4\H0-n100w4-1.json = Deploy\Instance\n100w4\H0-n100w4-1.json
		Deploy\Instance\n100w4\H0-n100w4-2.json = Deploy\Instance\n100w4\H0-n100w4-2.json
		Deploy\Instance\n100w4\Sc-n100w4.json = Deploy\Instance\n100w4\Sc-n100w4.json
		Deploy\Instance\n100w4\WD-n100w4-0.json = Deploy\Instance\n100w4\WD-n100w4-0.json
		Deploy\Instance\n100w4\WD-n100w4-1.json = Deploy\Instance\n100w4\WD-n100w4-1.json
		Deploy\Instance\n100w4\WD-n100w4-2.json = Deploy\Instance\n100w4\WD-n100w4-2.json
		Deploy\Instance\n100w4\WD-n100w4-3.json = Deploy\Instance\n100w4\WD-n100w4-3.json
		Deploy\Instance\n100w4\WD-n100w4-4.json = Deploy\Instance\n100w4\WD-n100w4-4.json
		Deploy\Instance\n100w4\WD-n100w4-5.json = Deploy\Instance\n100w4\WD-n100w4-5.json
		Deploy\Instance\n100w4\WD-n100w4-6.json = Deploy\Instance\n100w4\WD-n100w4-6.json
		Deploy\Instance\n100w4\WD-n100w4-7.json = Deploy\Instance\n100w4\WD-n100w4-7.json
		Deploy\Instance\n100w4\WD-n100w4-8.json = Deploy\Instance\n100w4\WD-n100w4-8.json
		Deploy\Instance\n100w4\WD-n100w4-9.json = Deploy\Instance\n100w4\WD-n100w4-9.json
	EndProjectSection
EndProject
Project("{2150E333-8FDC-42A3-9474-1A3956D46DE8}") = "n100w8", "n100w8", "{DBAD2559-3B84-4945-9AB1-C5FDAA27CA5D}"
	ProjectSection(SolutionItems) = preProject
		Deploy\Instance\n100w8\H0-n100w8-0.json = Deploy\Instance\n100w8\H0-n100w8-0.json
		Deploy\Instance\n100w8\H0-n100w8-1.json = Deploy\Instance\n100w8\H0-n100w8-1.json
		Deploy\Instance\n100w8\H0-n100w8-2.json = Deploy\Instance\n100w8\H0-n100w8-2.json
		Deploy\Instance\n100w8\Sc-n100w8.json = Deploy\Instance\n100w8\Sc-n100w8.json
		Deploy\Instance\n100w8\WD-n100w8-0.json = Deploy\Instance\n100w8\WD-n100w8-0.json
		Deploy\Instance\n100w8\WD-n100w8-1.json = Deploy\Instance\n100w8\WD-n100w8-1.json
		Deploy\Instance\n100w8\WD-n100w8-2.json = Deploy\Instance\n100w8\WD-n100w8-2.json
		Deploy\Instance\n100w8\WD-n100w8-3.json = Deploy\Instance\n100w8\WD-n100w8-3.json
		Deploy\Instance\n100w8\WD-n100w8-4.json = Deploy\Instance\n100w8\WD-n100w8-4.json
		Deploy\Instance\n100w8\WD-n100w8-5.json = Deploy\Instance\n100w8\WD-n100w8-5.json
		Deploy\Instance\n100w8\WD-n100w8-6.json = Deploy\Instance\n100w8\WD-n100w8-6.json
		Deploy\Instance\n100w8\WD-n100w8-7.json = Deploy\Instance\n100w8\WD-n100w8-7.json
		Deploy\Instance\n100w8\WD-n100w8-8.json = Deploy\Instance\n100w8\WD-n100w8-8.json
		Deploy\Instance\n100w8\WD-n100w8-9.json = Deploy\Instance\n100w8\WD-n100w8-9.json
	EndProjectSection
EndProject
Project("{2150E333-8FDC-42A3-9474-1A3956D46DE8}") = "n120w4", "n120w4", "{CB3B16E2-583E-4EC7-A28F-42F661D3C2DD}"
	ProjectSection(SolutionItems) = preProject
		Deploy\Instance\n120w4\H0-n120w4-0.json = Deploy\Instance\n120w4\H0-n120w4-0.json
		Deploy\Instance\n120w4\H0-n120w4-1.json = Deploy\Instance\n120w4\H0-n120w4-1.json
		Deploy\Instance\n120w4\H0-n120w4-2.json = Deploy\Instance\n120w4\H0-n120w4-2.json
		Deploy\Instance\n120w4\Sc-n120w4.json = Deploy\Instance\n120w4\Sc-n120w4.json
		Deploy\Instance\n120w4\WD-n120w4-0.json = Deploy\Instance\n120w4\WD-n120w4-0.json
		Deploy\Instance\n120w4\WD-n120w4-1.json = Deploy\Instance\n120w4\WD-n120w4-1.json
		Deploy\Instance\n120w4\WD-n120w4-2.json = Deploy\Instance\n120w4\WD-n120w4-2.json
		Deploy\Instance\n120w4\WD-n120w4-3.json = Deploy\Instance\n120w4\WD-n120w4-3.json
		Deploy\Instance\n120w4\WD-n120w4-4.json = Deploy\Instance\n120w4\WD-n120w4-4.json
		Deploy\Instance\n120w4\WD-n120w4-5.json = Deploy\Instance\n120w4\WD-n120w4-5.json
		Deploy\Instance\n120w4\WD-n120w4-6.json = Deploy\Instance\n120w4\WD-n120w4-6.json
		Deploy\Instance\n120w4\WD-n120w4-7.json = Deploy\Instance\n120w4\WD-n120w4-7.json
		Deploy\Instance\n120w4\WD-n120w4-8.json = Deploy\Instance\n120w4\WD-n120w4-8.json
		Deploy\Instance\n120w4\WD-n120w4-9.json = Deploy\Instance\n120w4\WD-n120w4-9.json
	EndProjectSection
EndProject
Project("{2150E333-8FDC-42A3-9474-1A3956D46DE8}") = "n120w8", "n120w8", "{9F342024-212E-4F07-A0AC-331607CB9EDF}"
	ProjectSection(SolutionItems) = preProject
		Deploy\Instance\n120w8\H0-n120w8-0.json = Deploy\Instance\n120w8\H0-n120w8-0.json
		Deploy\Instance\n120w8\H0-n120w8-1.json = Deploy\Instance\n120w8\H0-n120w8-1.json
		Deploy\Instance\n120w8\H0-n120w8-2.json = Deploy\Instance\n120w8\H0-n120w8-2.json
		Deploy\Instance\n120w8\Sc-n120w8.json = Deploy\Instance\n120w8\Sc-n120w8.json
		Deploy\Instance\n120w8\WD-n120w8-0.json = Deploy\Instance\n120w8\WD-n120w8-0.json
		Deploy\Instance\n120w8\WD-n120w8-1.json = Deploy\Instance\n120w8\WD-n120w8-1.json
		Deploy\Instance\n120w8\WD-n120w8-2.json = Deploy\Instance\n120w8\WD-n120w8-2.json
		Deploy\Instance\n120w8\WD-n120w8-3.json = Deploy\Instance\n120w8\WD-n120w8-3.json
		Deploy\Instance\n120w8\WD-n120w8-4.json = Deploy\Instance\n120w8\WD-n120w8-4.json
		Deploy\Instance\n120w8\WD-n120w8-5.json = Deploy\Instance\n120w8\WD-n120w8-5.json
		Deploy\Instance\n120w8\WD-n120w8-6.json = Deploy\Instance\n120w8\WD-n120w8-6.json
		Deploy\Instance\n120w8\WD-n120w8-7.json = Deploy\Instance\n120w8\WD-n120w8-7.json
		Deploy\Instance\n120w8\WD-n120w8-8.json = Deploy\Instance\n120w8\WD-n120w8-8.json
		Deploy\Instance\n120w8\WD-n120w8-9.json = Deploy\Instance\n120w8\WD-n120w8-9.json
	EndProjectSection
EndProject
Project("{FAE04EC0-301F-11D3-BF4B-00C04F79EFBC}") = "Simulator", "Simulator\Simulator.csproj", "{4CD1D89B-A796-4E1A-B2AE-FBDC587765CC}"
EndProject
Global
	GlobalSection(SolutionConfigurationPlatforms) = preSolution
		Debug|Any CPU = Debug|Any CPU
		Release|Any CPU = Release|Any CPU
	EndGlobalSection
	GlobalSection(ProjectConfigurationPlatforms) = postSolution
		{3A16F665-ECE2-4E3C-A7EB-2FF694D8AB71}.Debug|Any CPU.ActiveCfg = Debug|Any CPU
		{3A16F665-ECE2-4E3C-A7EB-2FF694D8AB71}.Debug|Any CPU.Build.0 = Debug|Any CPU
		{3A16F665-ECE2-4E3C-A7EB-2FF694D8AB71}.Release|Any CPU.ActiveCfg = Release|Any CPU
		{3A16F665-ECE2-4E3C-A7EB-2FF694D8AB71}.Release|Any CPU.Build.0 = Release|Any CPU
		{4CD1D89B-A796-4E1A-B2AE-FBDC587765CC}.Debug|Any CPU.ActiveCfg = Debug|Any CPU
		{4CD1D89B-A796-4E1A-B2AE-FBDC587765CC}.Debug|Any CPU.Build.0 = Debug|Any CPU
		{4CD1D89B-A796-4E1A-B2AE-FBDC587765CC}.Release|Any CPU.ActiveCfg = Release|Any CPU
		{4CD1D89B-A796-4E1A-B2AE-FBDC587765CC}.Release|Any CPU.Build.0 = Release|Any CPU
	EndGlobalSection
	GlobalSection(SolutionProperties) = preSolution
		HideSolutionNode = FALSE
	EndGlobalSection
	GlobalSection(NestedProjects) = preSolution
		{3A638F13-864D-4514-82C5-430B18470B63} = {8605BE1B-FA05-4A5F-8321-805710DB62EF}
		{169C86FB-27FE-44FA-B6CB-96FF47F85542} = {3A638F13-864D-4514-82C5-430B18470B63}
		{246CE36A-64F4-448A-BEBB-98B544C023ED} = {3A638F13-864D-4514-82C5-430B18470B63}
		{CA7D92E6-271C-408F-8660-F658656BA374} = {246CE36A-64F4-448A-BEBB-98B544C023ED}
		{22B16D12-2DED-4818-86E3-DB427CA43B0B} = {246CE36A-64F4-448A-BEBB-98B544C023ED}
		{9B83E6DD-2263-46A9-9497-1521DC97C72D} = {246CE36A-64F4-448A-BEBB-98B544C023ED}
		{4C071362-A8BB-402C-A181-BCB104E11CD5} = {169C86FB-27FE-44FA-B6CB-96FF47F85542}
		{E732EFD4-5EAA-411B-9856-47DBACA0FC83} = {169C86FB-27FE-44FA-B6CB-96FF47F85542}
		{47C18CAD-3B36-4279-8FF5-D5EE8C1F5598} = {169C86FB-27FE-44FA-B6CB-96FF47F85542}
		{40CDD6C2-5DB8-4962-A192-DD456CE02915} = {3A638F13-864D-4514-82C5-430B18470B63}
		{449D6056-9DB3-43D8-84F4-549883945F73} = {40CDD6C2-5DB8-4962-A192-DD456CE02915}
		{FFDA0B30-66BC-41E4-9815-830387DD4099} = {40CDD6C2-5DB8-4962-A192-DD456CE02915}
		{714A7B13-48D6-4762-93DE-3C4B167F4690} = {40CDD6C2-5DB8-4962-A192-DD456CE02915}
		{188CF7EE-F40E-4AA8-86AD-1F06D2AA91E7} = {3A638F13-864D-4514-82C5-430B18470B63}
		{39B00B66-819C-44D7-AAE4-FD806AFD8404} = {3A638F13-864D-4514-82C5-430B18470B63}
		{85392D8A-943D-46C2-9334-A59DE8AC64B2} = {3A638F13-864D-4514-82C5-430B18470B63}
		{7295D19B-A851-4FAA-A7E1-FFA421877CEE} = {3A638F13-864D-4514-82C5-430B18470B63}
		{C3590521-30E5-42CC-8A93-B3BC5E70A278} = {3A638F13-864D-4514-82C5-430B18470B63}
		{445CEB72-441C-4266-B5CF-47DF3242F817} = {3A638F13-864D-4514-82C5-430B18470B63}
		{E4C96E2C-BEE9-4FA8-8D7A-C5274245F112} = {3A638F13-864D-4514-82C5-430B18470B63}
		{D898464F-75CE-4717-A32E-C35111D8BE55} = {3A638F13-864D-4514-82C5-430B18470B63}
		{0B94AEFD-66B7-4263-91BF-444C8391AA5E} = {3A638F13-864D-4514-82C5-430B18470B63}
		{5D4E81CE-F4C8-4367-8C4F-AAA45E84F1E5} = {3A638F13-864D-4514-82C5-430B18470B63}
		{BE9614AF-BDCB-401C-909D-DE9D884EC22C} = {3A638F13-864D-4514-82C5-430B18470B63}
		{DBAD2559-3B84-4945-9AB1-C5FDAA27CA5D} = {3A638F13-864D-4514-82C5-430B18470B63}
		{CB3B16E2-583E-4EC7-A28F-42F661D3C2DD} = {3A638F13-864D-4514-82C5-430B18470B63}
		{9F342024-212E-4F07-A0AC-331607CB9EDF} = {3A638F13-864D-4514-82C5-430B18470B63}
	EndGlobalSection
EndGlobal
