
Microsoft Visual Studio Solution File, Format Version 12.00
# Visual Studio 2013
VisualStudioVersion = 12.0.31101.0
MinimumVisualStudioVersion = 10.0.40219.1
Project("{FAE04EC0-301F-11D3-BF4B-00C04F79EFBC}") = "Solver", "Solver\Solver.csproj", "{3A16F665-ECE2-4E3C-A7EB-2FF694D8AB71}"
EndProject
Project("{2150E333-8FDC-42A3-9474-1A3956D46DE8}") = "Instance", "Instance", "{18BC3ACA-D978-4C95-B591-E5A5E857FBDD}"
	ProjectSection(SolutionItems) = preProject
		Instance\n005w4\H0-n005w4-0.json = Instance\n005w4\H0-n005w4-0.json
		Instance\n005w4\H0-n005w4-1.json = Instance\n005w4\H0-n005w4-1.json
		Instance\n005w4\H0-n005w4-2.json = Instance\n005w4\H0-n005w4-2.json
		Instance\n012w8\H0-n012w8-0.json = Instance\n012w8\H0-n012w8-0.json
		Instance\n012w8\H0-n012w8-1.json = Instance\n012w8\H0-n012w8-1.json
		Instance\n012w8\H0-n012w8-2.json = Instance\n012w8\H0-n012w8-2.json
		Instance\n021w4\H0-n021w4-0.json = Instance\n021w4\H0-n021w4-0.json
		Instance\n021w4\H0-n021w4-1.json = Instance\n021w4\H0-n021w4-1.json
		Instance\n021w4\H0-n021w4-2.json = Instance\n021w4\H0-n021w4-2.json
		Instance\n030w4\H0-n030w4-0.json = Instance\n030w4\H0-n030w4-0.json
		Instance\n030w4\H0-n030w4-1.json = Instance\n030w4\H0-n030w4-1.json
		Instance\n030w4\H0-n030w4-2.json = Instance\n030w4\H0-n030w4-2.json
		Instance\n030w8\H0-n030w8-0.json = Instance\n030w8\H0-n030w8-0.json
		Instance\n030w8\H0-n030w8-1.json = Instance\n030w8\H0-n030w8-1.json
		Instance\n030w8\H0-n030w8-2.json = Instance\n030w8\H0-n030w8-2.json
		Instance\n040w4\H0-n040w4-0.json = Instance\n040w4\H0-n040w4-0.json
		Instance\n040w4\H0-n040w4-1.json = Instance\n040w4\H0-n040w4-1.json
		Instance\n040w4\H0-n040w4-2.json = Instance\n040w4\H0-n040w4-2.json
		Instance\n040w8\H0-n040w8-0.json = Instance\n040w8\H0-n040w8-0.json
		Instance\n040w8\H0-n040w8-1.json = Instance\n040w8\H0-n040w8-1.json
		Instance\n040w8\H0-n040w8-2.json = Instance\n040w8\H0-n040w8-2.json
		Instance\n050w4\H0-n050w4-0.json = Instance\n050w4\H0-n050w4-0.json
		Instance\n050w4\H0-n050w4-1.json = Instance\n050w4\H0-n050w4-1.json
		Instance\n050w4\H0-n050w4-2.json = Instance\n050w4\H0-n050w4-2.json
		Instance\n050w8\H0-n050w8-0.json = Instance\n050w8\H0-n050w8-0.json
		Instance\n050w8\H0-n050w8-1.json = Instance\n050w8\H0-n050w8-1.json
		Instance\n050w8\H0-n050w8-2.json = Instance\n050w8\H0-n050w8-2.json
		Instance\n060w4\H0-n060w4-0.json = Instance\n060w4\H0-n060w4-0.json
		Instance\n060w4\H0-n060w4-1.json = Instance\n060w4\H0-n060w4-1.json
		Instance\n060w4\H0-n060w4-2.json = Instance\n060w4\H0-n060w4-2.json
		Instance\n060w8\H0-n060w8-0.json = Instance\n060w8\H0-n060w8-0.json
		Instance\n060w8\H0-n060w8-1.json = Instance\n060w8\H0-n060w8-1.json
		Instance\n060w8\H0-n060w8-2.json = Instance\n060w8\H0-n060w8-2.json
		Instance\n080w4\H0-n080w4-0.json = Instance\n080w4\H0-n080w4-0.json
		Instance\n080w4\H0-n080w4-1.json = Instance\n080w4\H0-n080w4-1.json
		Instance\n080w4\H0-n080w4-2.json = Instance\n080w4\H0-n080w4-2.json
		Instance\n080w8\H0-n080w8-0.json = Instance\n080w8\H0-n080w8-0.json
		Instance\n080w8\H0-n080w8-1.json = Instance\n080w8\H0-n080w8-1.json
		Instance\n080w8\H0-n080w8-2.json = Instance\n080w8\H0-n080w8-2.json
		Instance\n100w4\H0-n100w4-0.json = Instance\n100w4\H0-n100w4-0.json
		Instance\n100w4\H0-n100w4-1.json = Instance\n100w4\H0-n100w4-1.json
		Instance\n100w4\H0-n100w4-2.json = Instance\n100w4\H0-n100w4-2.json
		Instance\n100w8\H0-n100w8-0.json = Instance\n100w8\H0-n100w8-0.json
		Instance\n100w8\H0-n100w8-1.json = Instance\n100w8\H0-n100w8-1.json
		Instance\n100w8\H0-n100w8-2.json = Instance\n100w8\H0-n100w8-2.json
		Instance\n120w4\H0-n120w4-0.json = Instance\n120w4\H0-n120w4-0.json
		Instance\n120w4\H0-n120w4-1.json = Instance\n120w4\H0-n120w4-1.json
		Instance\n120w4\H0-n120w4-2.json = Instance\n120w4\H0-n120w4-2.json
		Instance\n120w8\H0-n120w8-0.json = Instance\n120w8\H0-n120w8-0.json
		Instance\n120w8\H0-n120w8-1.json = Instance\n120w8\H0-n120w8-1.json
		Instance\n120w8\H0-n120w8-2.json = Instance\n120w8\H0-n120w8-2.json
		Instance\n005w4\Sc-n005w4.json = Instance\n005w4\Sc-n005w4.json
		Instance\n012w8\Sc-n012w8.json = Instance\n012w8\Sc-n012w8.json
		Instance\n021w4\Sc-n021w4.json = Instance\n021w4\Sc-n021w4.json
		Instance\n030w4\Sc-n030w4.json = Instance\n030w4\Sc-n030w4.json
		Instance\n030w8\Sc-n030w8.json = Instance\n030w8\Sc-n030w8.json
		Instance\n040w4\Sc-n040w4.json = Instance\n040w4\Sc-n040w4.json
		Instance\n040w8\Sc-n040w8.json = Instance\n040w8\Sc-n040w8.json
		Instance\n050w4\Sc-n050w4.json = Instance\n050w4\Sc-n050w4.json
		Instance\n050w8\Sc-n050w8.json = Instance\n050w8\Sc-n050w8.json
		Instance\n060w4\Sc-n060w4.json = Instance\n060w4\Sc-n060w4.json
		Instance\n060w8\Sc-n060w8.json = Instance\n060w8\Sc-n060w8.json
		Instance\n080w4\Sc-n080w4.json = Instance\n080w4\Sc-n080w4.json
		Instance\n080w8\Sc-n080w8.json = Instance\n080w8\Sc-n080w8.json
		Instance\n100w4\Sc-n100w4.json = Instance\n100w4\Sc-n100w4.json
		Instance\n100w8\Sc-n100w8.json = Instance\n100w8\Sc-n100w8.json
		Instance\n120w4\Sc-n120w4.json = Instance\n120w4\Sc-n120w4.json
		Instance\n120w8\Sc-n120w8.json = Instance\n120w8\Sc-n120w8.json
		Instance\n005w4\WD-n005w4-0.json = Instance\n005w4\WD-n005w4-0.json
		Instance\n005w4\WD-n005w4-1.json = Instance\n005w4\WD-n005w4-1.json
		Instance\n005w4\WD-n005w4-2.json = Instance\n005w4\WD-n005w4-2.json
		Instance\n005w4\WD-n005w4-3.json = Instance\n005w4\WD-n005w4-3.json
		Instance\n005w4\WD-n005w4-4.json = Instance\n005w4\WD-n005w4-4.json
		Instance\n005w4\WD-n005w4-5.json = Instance\n005w4\WD-n005w4-5.json
		Instance\n005w4\WD-n005w4-6.json = Instance\n005w4\WD-n005w4-6.json
		Instance\n005w4\WD-n005w4-7.json = Instance\n005w4\WD-n005w4-7.json
		Instance\n005w4\WD-n005w4-8.json = Instance\n005w4\WD-n005w4-8.json
		Instance\n005w4\WD-n005w4-9.json = Instance\n005w4\WD-n005w4-9.json
		Instance\n012w8\WD-n012w8-0.json = Instance\n012w8\WD-n012w8-0.json
		Instance\n012w8\WD-n012w8-1.json = Instance\n012w8\WD-n012w8-1.json
		Instance\n012w8\WD-n012w8-2.json = Instance\n012w8\WD-n012w8-2.json
		Instance\n012w8\WD-n012w8-3.json = Instance\n012w8\WD-n012w8-3.json
		Instance\n012w8\WD-n012w8-4.json = Instance\n012w8\WD-n012w8-4.json
		Instance\n012w8\WD-n012w8-5.json = Instance\n012w8\WD-n012w8-5.json
		Instance\n012w8\WD-n012w8-6.json = Instance\n012w8\WD-n012w8-6.json
		Instance\n012w8\WD-n012w8-7.json = Instance\n012w8\WD-n012w8-7.json
		Instance\n012w8\WD-n012w8-8.json = Instance\n012w8\WD-n012w8-8.json
		Instance\n012w8\WD-n012w8-9.json = Instance\n012w8\WD-n012w8-9.json
		Instance\n021w4\WD-n021w4-0.json = Instance\n021w4\WD-n021w4-0.json
		Instance\n021w4\WD-n021w4-1.json = Instance\n021w4\WD-n021w4-1.json
		Instance\n021w4\WD-n021w4-2.json = Instance\n021w4\WD-n021w4-2.json
		Instance\n021w4\WD-n021w4-3.json = Instance\n021w4\WD-n021w4-3.json
		Instance\n021w4\WD-n021w4-4.json = Instance\n021w4\WD-n021w4-4.json
		Instance\n021w4\WD-n021w4-5.json = Instance\n021w4\WD-n021w4-5.json
		Instance\n021w4\WD-n021w4-6.json = Instance\n021w4\WD-n021w4-6.json
		Instance\n021w4\WD-n021w4-7.json = Instance\n021w4\WD-n021w4-7.json
		Instance\n021w4\WD-n021w4-8.json = Instance\n021w4\WD-n021w4-8.json
		Instance\n021w4\WD-n021w4-9.json = Instance\n021w4\WD-n021w4-9.json
		Instance\n030w4\WD-n030w4-0.json = Instance\n030w4\WD-n030w4-0.json
		Instance\n030w4\WD-n030w4-1.json = Instance\n030w4\WD-n030w4-1.json
		Instance\n030w4\WD-n030w4-2.json = Instance\n030w4\WD-n030w4-2.json
		Instance\n030w4\WD-n030w4-3.json = Instance\n030w4\WD-n030w4-3.json
		Instance\n030w4\WD-n030w4-4.json = Instance\n030w4\WD-n030w4-4.json
		Instance\n030w4\WD-n030w4-5.json = Instance\n030w4\WD-n030w4-5.json
		Instance\n030w4\WD-n030w4-6.json = Instance\n030w4\WD-n030w4-6.json
		Instance\n030w4\WD-n030w4-7.json = Instance\n030w4\WD-n030w4-7.json
		Instance\n030w4\WD-n030w4-8.json = Instance\n030w4\WD-n030w4-8.json
		Instance\n030w4\WD-n030w4-9.json = Instance\n030w4\WD-n030w4-9.json
		Instance\n030w8\WD-n030w8-0.json = Instance\n030w8\WD-n030w8-0.json
		Instance\n030w8\WD-n030w8-1.json = Instance\n030w8\WD-n030w8-1.json
		Instance\n030w8\WD-n030w8-2.json = Instance\n030w8\WD-n030w8-2.json
		Instance\n030w8\WD-n030w8-3.json = Instance\n030w8\WD-n030w8-3.json
		Instance\n030w8\WD-n030w8-4.json = Instance\n030w8\WD-n030w8-4.json
		Instance\n030w8\WD-n030w8-5.json = Instance\n030w8\WD-n030w8-5.json
		Instance\n030w8\WD-n030w8-6.json = Instance\n030w8\WD-n030w8-6.json
		Instance\n030w8\WD-n030w8-7.json = Instance\n030w8\WD-n030w8-7.json
		Instance\n030w8\WD-n030w8-8.json = Instance\n030w8\WD-n030w8-8.json
		Instance\n030w8\WD-n030w8-9.json = Instance\n030w8\WD-n030w8-9.json
		Instance\n040w4\WD-n040w4-0.json = Instance\n040w4\WD-n040w4-0.json
		Instance\n040w4\WD-n040w4-1.json = Instance\n040w4\WD-n040w4-1.json
		Instance\n040w4\WD-n040w4-2.json = Instance\n040w4\WD-n040w4-2.json
		Instance\n040w4\WD-n040w4-3.json = Instance\n040w4\WD-n040w4-3.json
		Instance\n040w4\WD-n040w4-4.json = Instance\n040w4\WD-n040w4-4.json
		Instance\n040w4\WD-n040w4-5.json = Instance\n040w4\WD-n040w4-5.json
		Instance\n040w4\WD-n040w4-6.json = Instance\n040w4\WD-n040w4-6.json
		Instance\n040w4\WD-n040w4-7.json = Instance\n040w4\WD-n040w4-7.json
		Instance\n040w4\WD-n040w4-8.json = Instance\n040w4\WD-n040w4-8.json
		Instance\n040w4\WD-n040w4-9.json = Instance\n040w4\WD-n040w4-9.json
		Instance\n040w8\WD-n040w8-0.json = Instance\n040w8\WD-n040w8-0.json
		Instance\n040w8\WD-n040w8-1.json = Instance\n040w8\WD-n040w8-1.json
		Instance\n040w8\WD-n040w8-2.json = Instance\n040w8\WD-n040w8-2.json
		Instance\n040w8\WD-n040w8-3.json = Instance\n040w8\WD-n040w8-3.json
		Instance\n040w8\WD-n040w8-4.json = Instance\n040w8\WD-n040w8-4.json
		Instance\n040w8\WD-n040w8-5.json = Instance\n040w8\WD-n040w8-5.json
		Instance\n040w8\WD-n040w8-6.json = Instance\n040w8\WD-n040w8-6.json
		Instance\n040w8\WD-n040w8-7.json = Instance\n040w8\WD-n040w8-7.json
		Instance\n040w8\WD-n040w8-8.json = Instance\n040w8\WD-n040w8-8.json
		Instance\n040w8\WD-n040w8-9.json = Instance\n040w8\WD-n040w8-9.json
		Instance\n050w4\WD-n050w4-0.json = Instance\n050w4\WD-n050w4-0.json
		Instance\n050w4\WD-n050w4-1.json = Instance\n050w4\WD-n050w4-1.json
		Instance\n050w4\WD-n050w4-2.json = Instance\n050w4\WD-n050w4-2.json
		Instance\n050w4\WD-n050w4-3.json = Instance\n050w4\WD-n050w4-3.json
		Instance\n050w4\WD-n050w4-4.json = Instance\n050w4\WD-n050w4-4.json
		Instance\n050w4\WD-n050w4-5.json = Instance\n050w4\WD-n050w4-5.json
		Instance\n050w4\WD-n050w4-6.json = Instance\n050w4\WD-n050w4-6.json
		Instance\n050w4\WD-n050w4-7.json = Instance\n050w4\WD-n050w4-7.json
		Instance\n050w4\WD-n050w4-8.json = Instance\n050w4\WD-n050w4-8.json
		Instance\n050w4\WD-n050w4-9.json = Instance\n050w4\WD-n050w4-9.json
		Instance\n050w8\WD-n050w8-0.json = Instance\n050w8\WD-n050w8-0.json
		Instance\n050w8\WD-n050w8-1.json = Instance\n050w8\WD-n050w8-1.json
		Instance\n050w8\WD-n050w8-2.json = Instance\n050w8\WD-n050w8-2.json
		Instance\n050w8\WD-n050w8-3.json = Instance\n050w8\WD-n050w8-3.json
		Instance\n050w8\WD-n050w8-4.json = Instance\n050w8\WD-n050w8-4.json
		Instance\n050w8\WD-n050w8-5.json = Instance\n050w8\WD-n050w8-5.json
		Instance\n050w8\WD-n050w8-6.json = Instance\n050w8\WD-n050w8-6.json
		Instance\n050w8\WD-n050w8-7.json = Instance\n050w8\WD-n050w8-7.json
		Instance\n050w8\WD-n050w8-8.json = Instance\n050w8\WD-n050w8-8.json
		Instance\n050w8\WD-n050w8-9.json = Instance\n050w8\WD-n050w8-9.json
		Instance\n060w4\WD-n060w4-0.json = Instance\n060w4\WD-n060w4-0.json
		Instance\n060w4\WD-n060w4-1.json = Instance\n060w4\WD-n060w4-1.json
		Instance\n060w4\WD-n060w4-2.json = Instance\n060w4\WD-n060w4-2.json
		Instance\n060w4\WD-n060w4-3.json = Instance\n060w4\WD-n060w4-3.json
		Instance\n060w4\WD-n060w4-4.json = Instance\n060w4\WD-n060w4-4.json
		Instance\n060w4\WD-n060w4-5.json = Instance\n060w4\WD-n060w4-5.json
		Instance\n060w4\WD-n060w4-6.json = Instance\n060w4\WD-n060w4-6.json
		Instance\n060w4\WD-n060w4-7.json = Instance\n060w4\WD-n060w4-7.json
		Instance\n060w4\WD-n060w4-8.json = Instance\n060w4\WD-n060w4-8.json
		Instance\n060w4\WD-n060w4-9.json = Instance\n060w4\WD-n060w4-9.json
		Instance\n060w8\WD-n060w8-0.json = Instance\n060w8\WD-n060w8-0.json
		Instance\n060w8\WD-n060w8-1.json = Instance\n060w8\WD-n060w8-1.json
		Instance\n060w8\WD-n060w8-2.json = Instance\n060w8\WD-n060w8-2.json
		Instance\n060w8\WD-n060w8-3.json = Instance\n060w8\WD-n060w8-3.json
		Instance\n060w8\WD-n060w8-4.json = Instance\n060w8\WD-n060w8-4.json
		Instance\n060w8\WD-n060w8-5.json = Instance\n060w8\WD-n060w8-5.json
		Instance\n060w8\WD-n060w8-6.json = Instance\n060w8\WD-n060w8-6.json
		Instance\n060w8\WD-n060w8-7.json = Instance\n060w8\WD-n060w8-7.json
		Instance\n060w8\WD-n060w8-8.json = Instance\n060w8\WD-n060w8-8.json
		Instance\n060w8\WD-n060w8-9.json = Instance\n060w8\WD-n060w8-9.json
		Instance\n080w4\WD-n080w4-0.json = Instance\n080w4\WD-n080w4-0.json
		Instance\n080w4\WD-n080w4-1.json = Instance\n080w4\WD-n080w4-1.json
		Instance\n080w4\WD-n080w4-2.json = Instance\n080w4\WD-n080w4-2.json
		Instance\n080w4\WD-n080w4-3.json = Instance\n080w4\WD-n080w4-3.json
		Instance\n080w4\WD-n080w4-4.json = Instance\n080w4\WD-n080w4-4.json
		Instance\n080w4\WD-n080w4-5.json = Instance\n080w4\WD-n080w4-5.json
		Instance\n080w4\WD-n080w4-6.json = Instance\n080w4\WD-n080w4-6.json
		Instance\n080w4\WD-n080w4-7.json = Instance\n080w4\WD-n080w4-7.json
		Instance\n080w4\WD-n080w4-8.json = Instance\n080w4\WD-n080w4-8.json
		Instance\n080w4\WD-n080w4-9.json = Instance\n080w4\WD-n080w4-9.json
		Instance\n080w8\WD-n080w8-0.json = Instance\n080w8\WD-n080w8-0.json
		Instance\n080w8\WD-n080w8-1.json = Instance\n080w8\WD-n080w8-1.json
		Instance\n080w8\WD-n080w8-2.json = Instance\n080w8\WD-n080w8-2.json
		Instance\n080w8\WD-n080w8-3.json = Instance\n080w8\WD-n080w8-3.json
		Instance\n080w8\WD-n080w8-4.json = Instance\n080w8\WD-n080w8-4.json
		Instance\n080w8\WD-n080w8-5.json = Instance\n080w8\WD-n080w8-5.json
		Instance\n080w8\WD-n080w8-6.json = Instance\n080w8\WD-n080w8-6.json
		Instance\n080w8\WD-n080w8-7.json = Instance\n080w8\WD-n080w8-7.json
		Instance\n080w8\WD-n080w8-8.json = Instance\n080w8\WD-n080w8-8.json
		Instance\n080w8\WD-n080w8-9.json = Instance\n080w8\WD-n080w8-9.json
		Instance\n100w4\WD-n100w4-0.json = Instance\n100w4\WD-n100w4-0.json
		Instance\n100w4\WD-n100w4-1.json = Instance\n100w4\WD-n100w4-1.json
		Instance\n100w4\WD-n100w4-2.json = Instance\n100w4\WD-n100w4-2.json
		Instance\n100w4\WD-n100w4-3.json = Instance\n100w4\WD-n100w4-3.json
		Instance\n100w4\WD-n100w4-4.json = Instance\n100w4\WD-n100w4-4.json
		Instance\n100w4\WD-n100w4-5.json = Instance\n100w4\WD-n100w4-5.json
		Instance\n100w4\WD-n100w4-6.json = Instance\n100w4\WD-n100w4-6.json
		Instance\n100w4\WD-n100w4-7.json = Instance\n100w4\WD-n100w4-7.json
		Instance\n100w4\WD-n100w4-8.json = Instance\n100w4\WD-n100w4-8.json
		Instance\n100w4\WD-n100w4-9.json = Instance\n100w4\WD-n100w4-9.json
		Instance\n100w8\WD-n100w8-0.json = Instance\n100w8\WD-n100w8-0.json
		Instance\n100w8\WD-n100w8-1.json = Instance\n100w8\WD-n100w8-1.json
		Instance\n100w8\WD-n100w8-2.json = Instance\n100w8\WD-n100w8-2.json
		Instance\n100w8\WD-n100w8-3.json = Instance\n100w8\WD-n100w8-3.json
		Instance\n100w8\WD-n100w8-4.json = Instance\n100w8\WD-n100w8-4.json
		Instance\n100w8\WD-n100w8-5.json = Instance\n100w8\WD-n100w8-5.json
		Instance\n100w8\WD-n100w8-6.json = Instance\n100w8\WD-n100w8-6.json
		Instance\n100w8\WD-n100w8-7.json = Instance\n100w8\WD-n100w8-7.json
		Instance\n100w8\WD-n100w8-8.json = Instance\n100w8\WD-n100w8-8.json
		Instance\n100w8\WD-n100w8-9.json = Instance\n100w8\WD-n100w8-9.json
		Instance\n120w4\WD-n120w4-0.json = Instance\n120w4\WD-n120w4-0.json
		Instance\n120w4\WD-n120w4-1.json = Instance\n120w4\WD-n120w4-1.json
		Instance\n120w4\WD-n120w4-2.json = Instance\n120w4\WD-n120w4-2.json
		Instance\n120w4\WD-n120w4-3.json = Instance\n120w4\WD-n120w4-3.json
		Instance\n120w4\WD-n120w4-4.json = Instance\n120w4\WD-n120w4-4.json
		Instance\n120w4\WD-n120w4-5.json = Instance\n120w4\WD-n120w4-5.json
		Instance\n120w4\WD-n120w4-6.json = Instance\n120w4\WD-n120w4-6.json
		Instance\n120w4\WD-n120w4-7.json = Instance\n120w4\WD-n120w4-7.json
		Instance\n120w4\WD-n120w4-8.json = Instance\n120w4\WD-n120w4-8.json
		Instance\n120w4\WD-n120w4-9.json = Instance\n120w4\WD-n120w4-9.json
		Instance\n120w8\WD-n120w8-0.json = Instance\n120w8\WD-n120w8-0.json
		Instance\n120w8\WD-n120w8-1.json = Instance\n120w8\WD-n120w8-1.json
		Instance\n120w8\WD-n120w8-2.json = Instance\n120w8\WD-n120w8-2.json
		Instance\n120w8\WD-n120w8-3.json = Instance\n120w8\WD-n120w8-3.json
		Instance\n120w8\WD-n120w8-4.json = Instance\n120w8\WD-n120w8-4.json
		Instance\n120w8\WD-n120w8-5.json = Instance\n120w8\WD-n120w8-5.json
		Instance\n120w8\WD-n120w8-6.json = Instance\n120w8\WD-n120w8-6.json
		Instance\n120w8\WD-n120w8-7.json = Instance\n120w8\WD-n120w8-7.json
		Instance\n120w8\WD-n120w8-8.json = Instance\n120w8\WD-n120w8-8.json
		Instance\n120w8\WD-n120w8-9.json = Instance\n120w8\WD-n120w8-9.json
	EndProjectSection
EndProject
Global
	GlobalSection(SolutionConfigurationPlatforms) = preSolution
		Debug|Any CPU = Debug|Any CPU
		Release|Any CPU = Release|Any CPU
	EndGlobalSection
	GlobalSection(ProjectConfigurationPlatforms) = postSolution
		{3A16F665-ECE2-4E3C-A7EB-2FF694D8AB71}.Debug|Any CPU.ActiveCfg = Debug|Any CPU
		{3A16F665-ECE2-4E3C-A7EB-2FF694D8AB71}.Debug|Any CPU.Build.0 = Debug|Any CPU
		{3A16F665-ECE2-4E3C-A7EB-2FF694D8AB71}.Release|Any CPU.ActiveCfg = Release|Any CPU
		{3A16F665-ECE2-4E3C-A7EB-2FF694D8AB71}.Release|Any CPU.Build.0 = Release|Any CPU
	EndGlobalSection
	GlobalSection(SolutionProperties) = preSolution
		HideSolutionNode = FALSE
	EndGlobalSection
EndGlobal
